
Microsoft Visual Studio Solution File, Format Version 12.00
# Visual Studio Version 17
VisualStudioVersion = 17.14.36408.4 d17.14
MinimumVisualStudioVersion = 10.0.40219.1
Project("{FAE04EC0-301F-11D3-BF4B-00C04F79EFBC}") = "PropertySearch.Api", "PropertySearch.Api.csproj", "{BC484D7C-7079-86BA-CEF8-823F8549C55B}"
EndProject
Project("{FAE04EC0-301F-11D3-BF4B-00C04F79EFBC}") = "PropertySearch.API.Tests", "..\PropertySearch.API.Tests\PropertySearch.API.Tests.csproj", "{48FA7035-B727-48FF-B322-31106F204954}"
EndProject
Global
	GlobalSection(SolutionConfigurationPlatforms) = preSolution
		Debug|Any CPU = Debug|Any CPU
		Release|Any CPU = Release|Any CPU
	EndGlobalSection
	GlobalSection(ProjectConfigurationPlatforms) = postSolution
		{BC484D7C-7079-86BA-CEF8-823F8549C55B}.Debug|Any CPU.ActiveCfg = Debug|Any CPU
		{BC484D7C-7079-86BA-CEF8-823F8549C55B}.Debug|Any CPU.Build.0 = Debug|Any CPU
		{BC484D7C-7079-86BA-CEF8-823F8549C55B}.Release|Any CPU.ActiveCfg = Release|Any CPU
		{BC484D7C-7079-86BA-CEF8-823F8549C55B}.Release|Any CPU.Build.0 = Release|Any CPU
		{48FA7035-B727-48FF-B322-31106F204954}.Debug|Any CPU.ActiveCfg = Debug|Any CPU
		{48FA7035-B727-48FF-B322-31106F204954}.Debug|Any CPU.Build.0 = Debug|Any CPU
		{48FA7035-B727-48FF-B322-31106F204954}.Release|Any CPU.ActiveCfg = Release|Any CPU
		{48FA7035-B727-48FF-B322-31106F204954}.Release|Any CPU.Build.0 = Release|Any CPU
	EndGlobalSection
	GlobalSection(SolutionProperties) = preSolution
		HideSolutionNode = FALSE
	EndGlobalSection
	GlobalSection(ExtensibilityGlobals) = postSolution
		SolutionGuid = {D6A07AC6-6181-4E36-807B-9DC211AB62CE}
	EndGlobalSection
EndGlobal
